{
    "_meta": {
        "hash": {
            "sha256": "406ba1c72354f0007531a3e317317cd5be7c63c91461e81da7d472b67528d98a"
        },
        "pipfile-spec": 6,
        "requires": {
            "python_version": "3.10"
        },
        "sources": [
            {
                "name": "pypi",
                "url": "https://pypi.org/simple",
                "verify_ssl": true
            }
        ]
    },
    "default": {
        "kafka-python": {
            "hashes": [
                "sha256:04dfe7fea2b63726cd6f3e79a2d86e709d608d74406638c5da33a01d45a9d7e3",
                "sha256:2d92418c7cb1c298fa6c7f0fb3519b520d0d7526ac6cb7ae2a4fc65a51a94b6e"
            ],
            "index": "pypi",
            "version": "==2.0.2"
        }
    },
    "develop": {
        "autopep8": {
            "hashes": [
                "sha256:6f09e90a2be784317e84dc1add17ebfc7abe3924239957a37e5040e27d812087",
                "sha256:ca9b1a83e53a7fad65d731dc7a2a2d50aa48f43850407c59f6a1a306c4201142"
            ],
            "index": "pypi",
            "version": "==1.7.0"
        },
        "pycodestyle": {
            "hashes": [
                "sha256:2c9607871d58c76354b697b42f5d57e1ada7d261c261efac224b664affdc5785",
                "sha256:d1735fc58b418fd7c5f658d28d943854f8a849b01a5d0a1e6f3f3fdd0166804b"
            ],
            "markers": "python_version >= '3.6'",
            "version": "==2.9.1"
        },
        "toml": {
            "hashes": [
                "sha256:806143ae5bfb6a3c6e736a764057db0e6a0e05e338b5630894a5f779cabb4f9b",
                "sha256:b3bda1d108d5dd99f4a20d24d9c348e91c4db7ab1b749200bded2f839ccbe68f"
            ],
            "markers": "python_version >= '2.6' and python_version not in '3.0, 3.1, 3.2, 3.3'",
            "version": "==0.10.2"
        }
    }
}
